
Microsoft Visual Studio Solution File, Format Version 12.00
# Visual Studio Version 16
VisualStudioVersion = 16.0.30413.136
MinimumVisualStudioVersion = 10.0.40219.1
Project("{FAE04EC0-301F-11D3-BF4B-00C04F79EFBC}") = "WindowsF", "WindowsF.csproj", "{98CCF439-4F6E-4B47-99BB-F96BFB7C1EE6}"
EndProject
Global
	GlobalSection(SolutionConfigurationPlatforms) = preSolution
		Debug|Any CPU = Debug|Any CPU
		Release|Any CPU = Release|Any CPU
	EndGlobalSection
	GlobalSection(ProjectConfigurationPlatforms) = postSolution
		{98CCF439-4F6E-4B47-99BB-F96BFB7C1EE6}.Debug|Any CPU.ActiveCfg = Debug|Any CPU
		{98CCF439-4F6E-4B47-99BB-F96BFB7C1EE6}.Debug|Any CPU.Build.0 = Debug|Any CPU
		{98CCF439-4F6E-4B47-99BB-F96BFB7C1EE6}.Release|Any CPU.ActiveCfg = Release|Any CPU
		{98CCF439-4F6E-4B47-99BB-F96BFB7C1EE6}.Release|Any CPU.Build.0 = Release|Any CPU
	EndGlobalSection
	GlobalSection(SolutionProperties) = preSolution
		HideSolutionNode = FALSE
	EndGlobalSection
	GlobalSection(ExtensibilityGlobals) = postSolution
		SolutionGuid = {AA073AC1-F45E-4648-943A-BC871455A5B8}
	EndGlobalSection
EndGlobal
